
Microsoft Visual Studio Solution File, Format Version 12.00
# Visual Studio Version 16
VisualStudioVersion = 16.0.29519.87
MinimumVisualStudioVersion = 10.0.40219.1
Project("{FAE04EC0-301F-11D3-BF4B-00C04F79EFBC}") = "Automation_TrainingM7C-1", "Automation_TrainingM7C-1.csproj", "{9BC44764-1B23-45A2-AF59-22FAF05D34B5}"
EndProject
Global
	GlobalSection(SolutionConfigurationPlatforms) = preSolution
		Debug|Any CPU = Debug|Any CPU
		Release|Any CPU = Release|Any CPU
	EndGlobalSection
	GlobalSection(ProjectConfigurationPlatforms) = postSolution
		{9BC44764-1B23-45A2-AF59-22FAF05D34B5}.Debug|Any CPU.ActiveCfg = Debug|Any CPU
		{9BC44764-1B23-45A2-AF59-22FAF05D34B5}.Debug|Any CPU.Build.0 = Debug|Any CPU
		{9BC44764-1B23-45A2-AF59-22FAF05D34B5}.Release|Any CPU.ActiveCfg = Release|Any CPU
		{9BC44764-1B23-45A2-AF59-22FAF05D34B5}.Release|Any CPU.Build.0 = Release|Any CPU
	EndGlobalSection
	GlobalSection(SolutionProperties) = preSolution
		HideSolutionNode = FALSE
	EndGlobalSection
	GlobalSection(ExtensibilityGlobals) = postSolution
		SolutionGuid = {17C66035-311C-4D01-90E6-FB0ADA0B554F}
	EndGlobalSection
EndGlobal
